<?xml version="1.0" encoding="utf-8"?>
<Project ToolsVersion="4.0" xmlns="http://schemas.microsoft.com/developer/msbuild/2003">
  <ItemGroup>
    <Filter Include="SQL scripts">
      <UniqueIdentifier>{8baf989d-3b13-4660-8d00-3a152d531de4}</UniqueIdentifier>
      <Extensions>*.sql</Extensions>
    </Filter>
    <Filter Include="Makefile">
      <UniqueIdentifier>{6915e46a-bc46-42a3-bad2-d3c2509b9316}</UniqueIdentifier>
    </Filter>
    <Filter Include="Shell scripts">
      <UniqueIdentifier>{680b6100-7ba9-43e9-b35c-64ec878e80dd}</UniqueIdentifier>
    </Filter>
    <Filter Include="Source files">
      <UniqueIdentifier>{4FC737F1-C7A5-4376-A066-2A32D752A2FF}</UniqueIdentifier>
      <Extensions>cpp;c;cc;cxx;def;odl;idl;hpj;bat;asm;asmx</Extensions>
    </Filter>
    <Filter Include="Documentation">
      <UniqueIdentifier>{3cc9cacc-9ea9-4990-a81e-4343de27795f}</UniqueIdentifier>
    </Filter>
    <Filter Include="Header files">
      <UniqueIdentifier>{93995380-89BD-4b04-88EB-625FBE52EBFB}</UniqueIdentifier>
      <Extensions>h;hh;hpp;hxx;hm;inl;inc;ipp;xsd</Extensions>
    </Filter>
    <Filter Include="Resource files">
      <UniqueIdentifier>{67DA6AB6-F800-4c08-8B7A-83BB121AAD01}</UniqueIdentifier>
      <Extensions>rc;ico;cur;bmp;dlg;rc2;rct;bin;rgs;gif;jpg;jpeg;jpe;resx;tiff;tif;png;wav;mfcribbon-ms</Extensions>
    </Filter>
  </ItemGroup>
  <ItemGroup>
    <ClCompile Include="FTS.cpp">
      <Filter>Source files</Filter>
    </ClCompile>
    <ClCompile Include="FTSIndex.cpp">
      <Filter>Source files</Filter>
    </ClCompile>
    <ClCompile Include="Relations.cpp">
      <Filter>Source files</Filter>
    </ClCompile>
    <ClCompile Include="FTSLog.cpp">
      <Filter>Source files</Filter>
    </ClCompile>
    <ClCompile Include="FTS_MANAGEMENT.cpp">
      <Filter>Source files</Filter>
    </ClCompile>
    <ClCompile Include="EncodeUtils.cpp">
      <Filter>Source files</Filter>
    </ClCompile>
    <ClCompile Include="FTS_STATISTICS.cpp">
      <Filter>Source files</Filter>
    </ClCompile>
    <ClCompile Include="FTS_HIGHLIGHTER.cpp">
      <Filter>Source files</Filter>
    </ClCompile>
    <ClCompile Include="FTS_TRIGGER_HELPER.cpp">
      <Filter>Source files</Filter>
    </ClCompile>
  </ItemGroup>
  <ItemGroup>
    <ClInclude Include="LuceneUdr.h">
      <Filter>Header files</Filter>
    </ClInclude>
    <ClInclude Include="FTSIndex.h">
      <Filter>Header files</Filter>
    </ClInclude>
    <ClInclude Include="Relations.h">
      <Filter>Header files</Filter>
    </ClInclude>
    <ClInclude Include="FBAutoPtr.h">
      <Filter>Header files</Filter>
    </ClInclude>
    <ClInclude Include="FBFieldInfo.h">
      <Filter>Header files</Filter>
    </ClInclude>
    <ClInclude Include="FBUtils.h">
      <Filter>Header files</Filter>
    </ClInclude>
    <ClInclude Include="EncodeUtils.h">
      <Filter>Header files</Filter>
    </ClInclude>
    <ClInclude Include="FTSLog.h">
      <Filter>Header files</Filter>
    </ClInclude>
    <ClInclude Include="LuceneAnalyzerFactory.h">
      <Filter>Header files</Filter>
    </ClInclude>
    <ClInclude Include="StringFormatter.h">
      <Filter>Header files</Filter>
    </ClInclude>
    <ClInclude Include="LuceneFiles.h">
      <Filter>Header files</Filter>
    </ClInclude>
  </ItemGroup>
  <ItemGroup>
    <None Include="defs\udr_plugin.def">
      <Filter>Source files</Filter>
    </None>
    <None Include="fts%24install.sql">
      <Filter>SQL scripts</Filter>
    </None>
    <None Include="README.md">
      <Filter>Documentation</Filter>
    </None>
    <None Include="fts$uninstall.sql">
      <Filter>SQL scripts</Filter>
    </None>
    <None Include="makefile">
      <Filter>Makefile</Filter>
    </None>
    <None Include="write_build_no.bat">
      <Filter>Shell scripts</Filter>
    </None>
    <None Include="write_build_no.sh">
      <Filter>Shell scripts</Filter>
    </None>
  </ItemGroup>
  <ItemGroup>
    <ResourceCompile Include="lucene_udr.rc">
      <Filter>Resource files</Filter>
    </ResourceCompile>
  </ItemGroup>
</Project>