<?xml version="1.0" encoding="utf-8"?>
<Project ToolsVersion="4.0" xmlns="http://schemas.microsoft.com/developer/msbuild/2003">
  <ItemGroup>
    <Filter Include="SQL scripts">
      <UniqueIdentifier>{8baf989d-3b13-4660-8d00-3a152d531de4}</UniqueIdentifier>
      <Extensions>*.sql</Extensions>
    </Filter>
    <Filter Include="Makefile">
      <UniqueIdentifier>{6915e46a-bc46-42a3-bad2-d3c2509b9316}</UniqueIdentifier>
    </Filter>
    <Filter Include="Shell scripts">
      <UniqueIdentifier>{680b6100-7ba9-43e9-b35c-64ec878e80dd}</UniqueIdentifier>
    </Filter>
    <Filter Include="Source files">
      <UniqueIdentifier>{4FC737F1-C7A5-4376-A066-2A32D752A2FF}</UniqueIdentifier>
      <Extensions>cpp;c;cc;cxx;def;odl;idl;hpj;bat;asm;asmx</Extensions>
    </Filter>
    <Filter Include="Documentation">
      <UniqueIdentifier>{3cc9cacc-9ea9-4990-a81e-4343de27795f}</UniqueIdentifier>
    </Filter>
    <Filter Include="Header files">
      <UniqueIdentifier>{93995380-89BD-4b04-88EB-625FBE52EBFB}</UniqueIdentifier>
      <Extensions>h;hh;hpp;hxx;hm;inl;inc;ipp;xsd</Extensions>
    </Filter>
    <Filter Include="Resource files">
      <UniqueIdentifier>{67DA6AB6-F800-4c08-8B7A-83BB121AAD01}</UniqueIdentifier>
      <Extensions>rc;ico;cur;bmp;dlg;rc2;rct;bin;rgs;gif;jpg;jpeg;jpe;resx;tiff;tif;png;wav;mfcribbon-ms</Extensions>
    </Filter>
  </ItemGroup>
  <ItemGroup>
    <ClCompile Include="src\FTS.cpp">
      <Filter>Source files</Filter>
    </ClCompile>
    <ClCompile Include="src\FTSIndex.cpp">
      <Filter>Source files</Filter>
    </ClCompile>
    <ClCompile Include="src\Relations.cpp">
      <Filter>Source files</Filter>
    </ClCompile>
    <ClCompile Include="src\FTS_MANAGEMENT.cpp">
      <Filter>Source files</Filter>
    </ClCompile>
    <ClCompile Include="src\FTS_STATISTICS.cpp">
      <Filter>Source files</Filter>
    </ClCompile>
    <ClCompile Include="src\FTS_HIGHLIGHTER.cpp">
      <Filter>Source files</Filter>
    </ClCompile>
    <ClCompile Include="src\FTS_TRIGGER_HELPER.cpp">
      <Filter>Source files</Filter>
    </ClCompile>
    <ClCompile Include="src\FTSUtils.cpp">
      <Filter>Source files</Filter>
    </ClCompile>
    <ClCompile Include="src\LuceneAnalyzerFactory.cpp">
      <Filter>Source files</Filter>
    </ClCompile>
    <ClCompile Include="src\FBFieldInfo.cpp">
      <Filter>Source files</Filter>
    </ClCompile>
    <ClCompile Include="src\FBUtils.cpp">
      <Filter>Source files</Filter>
    </ClCompile>
    <ClCompile Include="src\LuceneFiles.cpp">
      <Filter>Source files</Filter>
    </ClCompile>
    <ClCompile Include="src\EnglishAnalyzer.cpp">
      <Filter>Source files</Filter>
    </ClCompile>
    <ClCompile Include="src\Analyzers.cpp">
      <Filter>Source files</Filter>
    </ClCompile>
    <ClCompile Include="src\FTSTrigger.cpp">
      <Filter>Source files</Filter>
    </ClCompile>
    <ClCompile Include="src\FTSHelper.cpp">
      <Filter>Source files</Filter>
    </ClCompile>
  </ItemGroup>
  <ItemGroup>
    <ClInclude Include="src\LuceneUdr.h">
      <Filter>Header files</Filter>
    </ClInclude>
    <ClInclude Include="src\FTSIndex.h">
      <Filter>Header files</Filter>
    </ClInclude>
    <ClInclude Include="src\Relations.h">
      <Filter>Header files</Filter>
    </ClInclude>
    <ClInclude Include="src\FBAutoPtr.h">
      <Filter>Header files</Filter>
    </ClInclude>
    <ClInclude Include="src\FBFieldInfo.h">
      <Filter>Header files</Filter>
    </ClInclude>
    <ClInclude Include="src\FBUtils.h">
      <Filter>Header files</Filter>
    </ClInclude>
    <ClInclude Include="src\LuceneAnalyzerFactory.h">
      <Filter>Header files</Filter>
    </ClInclude>
    <ClInclude Include="src\LuceneFiles.h">
      <Filter>Header files</Filter>
    </ClInclude>
    <ClInclude Include="src\udr_build_no.h">
      <Filter>Header files</Filter>
    </ClInclude>
    <ClInclude Include="src\FTSUtils.h">
      <Filter>Header files</Filter>
    </ClInclude>
    <ClInclude Include="src\LazyFactory.h">
      <Filter>Header files</Filter>
    </ClInclude>
    <ClInclude Include="src\EnglishAnalyzer.h">
      <Filter>Header files</Filter>
    </ClInclude>
    <ClInclude Include="src\Analyzers.h">
      <Filter>Header files</Filter>
    </ClInclude>
    <ClInclude Include="src\FTSTrigger.h">
      <Filter>Header files</Filter>
    </ClInclude>
    <ClInclude Include="src\FTSHelper.h">
      <Filter>Header files</Filter>
    </ClInclude>
  </ItemGroup>
  <ItemGroup>
    <None Include="sql\fts%24install.sql">
      <Filter>SQL scripts</Filter>
    </None>
    <None Include="README_RUS.md">
      <Filter>Documentation</Filter>
    </None>
    <None Include="sql\fts$uninstall.sql">
      <Filter>SQL scripts</Filter>
    </None>
    <None Include="write_build_no.bat">
      <Filter>Shell scripts</Filter>
    </None>
    <None Include="sql\fts$install_1.sql">
      <Filter>SQL scripts</Filter>
    </None>
    <None Include="README.md">
      <Filter>Documentation</Filter>
    </None>
    <None Include="doc\lucene-udr.adoc">
      <Filter>Documentation</Filter>
    </None>
    <None Include="doc\lucene-udr-rus.adoc">
      <Filter>Documentation</Filter>
    </None>
  </ItemGroup>
  <ItemGroup>
    <ResourceCompile Include="src\lucene_udr.rc">
      <Filter>Resource files</Filter>
    </ResourceCompile>
  </ItemGroup>
  <ItemGroup>
    <Text Include="CMakeLists.txt">
      <Filter>Makefile</Filter>
    </Text>
  </ItemGroup>
</Project>